
Microsoft Visual Studio Solution File, Format Version 12.00
# Visual Studio Version 17
VisualStudioVersion = 17.0.31903.59
MinimumVisualStudioVersion = 10.0.40219.1
Project("{2150E333-8FDC-42A3-9474-1A3956D46DE8}") = "src", "src", "{6C663618-9F2E-48D7-9FD7-BFC8E508A6A1}"
EndProject
Project("{2150E333-8FDC-42A3-9474-1A3956D46DE8}") = "Creational", "Creational", "{BD57A556-32A6-4C95-ACA9-235352738200}"
EndProject
Project("{FAE04EC0-301F-11D3-BF4B-00C04F79EFBC}") = "Singleton", "src\Creational\Singleton\Singleton.csproj", "{5BFDA687-86A4-4E48-9216-FEE20ABE551A}"
EndProject
Project("{2150E333-8FDC-42A3-9474-1A3956D46DE8}") = "tests", "tests", "{847F2CB8-6D18-48E9-90BC-DB4991387903}"
EndProject
Project("{2150E333-8FDC-42A3-9474-1A3956D46DE8}") = "Creational", "Creational", "{06736F67-ACE3-411D-82EF-2DF7CC0FDF79}"
EndProject
Project("{FAE04EC0-301F-11D3-BF4B-00C04F79EFBC}") = "Singleton.Tests", "tests\Creational\Singleton.Tests\Singleton.Tests.csproj", "{99F5D8EA-A23A-454E-99CD-BF5B28403BF3}"
EndProject
Project("{FAE04EC0-301F-11D3-BF4B-00C04F79EFBC}") = "FactoryMethod", "src\Creational\FactoryMethod\FactoryMethod.csproj", "{1C7E28B1-5F2D-45E8-A2C8-48803A5C8371}"
EndProject
Project("{FAE04EC0-301F-11D3-BF4B-00C04F79EFBC}") = "FactoryMethod.Tests", "tests\Creational\FactoryMethod.Tests\FactoryMethod.Tests.csproj", "{9C43108C-4B89-432E-890F-769BBA226A9A}"
EndProject
Project("{FAE04EC0-301F-11D3-BF4B-00C04F79EFBC}") = "AbstractFactory", "src\Creational\AbstractFactory\AbstractFactory.csproj", "{AEAF7C57-B359-483A-8D0B-6ADD557CD225}"
EndProject
Project("{FAE04EC0-301F-11D3-BF4B-00C04F79EFBC}") = "AbstractFactory.Tests", "tests\Creational\AbstractFactory.Tests\AbstractFactory.Tests.csproj", "{54B2032A-86EA-4CB3-A415-2722B95877D0}"
EndProject
Project("{FAE04EC0-301F-11D3-BF4B-00C04F79EFBC}") = "Builder", "src\Creational\Builder\Builder.csproj", "{B500D706-45FD-4323-9699-DBBABDC11F6A}"
EndProject
Project("{FAE04EC0-301F-11D3-BF4B-00C04F79EFBC}") = "Builder.Tests", "tests\Creational\Builder.Tests\Builder.Tests.csproj", "{0310829C-99A5-436B-B514-AC7ADE2699BC}"
EndProject
Project("{FAE04EC0-301F-11D3-BF4B-00C04F79EFBC}") = "Prototype", "src\Creational\Prototype\Prototype.csproj", "{04D76B16-C742-4117-8CE3-08DA58C88F0C}"
EndProject
Project("{FAE04EC0-301F-11D3-BF4B-00C04F79EFBC}") = "Prototype.Tests", "tests\Creational\Prototype.Tests\Prototype.Tests.csproj", "{308CBD39-69C5-4148-964A-F1B9A96F9512}"
EndProject
Project("{2150E333-8FDC-42A3-9474-1A3956D46DE8}") = "Structural", "Structural", "{F7239658-B6EE-4A7F-A2CA-3C3392C348B9}"
EndProject
Project("{FAE04EC0-301F-11D3-BF4B-00C04F79EFBC}") = "Adapter", "src\Structural\Adapter\Adapter.csproj", "{D7406A5A-927E-4EE9-A83D-1F486AA21B49}"
EndProject
Project("{2150E333-8FDC-42A3-9474-1A3956D46DE8}") = "Structural", "Structural", "{8251548C-ABFE-4F5A-B457-6D76A8FA6E76}"
EndProject
Project("{FAE04EC0-301F-11D3-BF4B-00C04F79EFBC}") = "Adapter.Tests", "tests\Structural\Adapter.Tests\Adapter.Tests.csproj", "{6028AC0E-81EF-4F88-A068-845E8986B12E}"
EndProject
Project("{FAE04EC0-301F-11D3-BF4B-00C04F79EFBC}") = "Bridge", "src\Structural\Bridge\Bridge.csproj", "{22574378-8406-4670-95B0-B9BA6C9E7376}"
EndProject
Project("{FAE04EC0-301F-11D3-BF4B-00C04F79EFBC}") = "Bridge.Tests", "tests\Structural\Bridge.Tests\Bridge.Tests.csproj", "{EFC244E6-4A27-4F63-8FA7-E91F338233EB}"
EndProject
Project("{FAE04EC0-301F-11D3-BF4B-00C04F79EFBC}") = "Composite", "src\Structural\Composite\Composite.csproj", "{EE440389-F93B-49E5-BABC-891645F81D17}"
EndProject
Project("{FAE04EC0-301F-11D3-BF4B-00C04F79EFBC}") = "Composite.Tests", "tests\Structural\Composite.Tests\Composite.Tests.csproj", "{4D7715AA-3416-48D4-8830-198BD01E4FBE}"
EndProject
Project("{FAE04EC0-301F-11D3-BF4B-00C04F79EFBC}") = "Decorator", "src\Structural\Decorator\Decorator.csproj", "{3981F8CD-B588-4B7E-A457-737779420622}"
EndProject
Project("{FAE04EC0-301F-11D3-BF4B-00C04F79EFBC}") = "Decorator.Tests", "tests\Structural\Decorator.Tests\Decorator.Tests.csproj", "{23D3B322-E1ED-4567-9F63-3806CD4691FF}"
EndProject
Project("{FAE04EC0-301F-11D3-BF4B-00C04F79EFBC}") = "Facade", "src\Structural\Facade\Facade.csproj", "{F2D6C89E-FA4A-45CA-894C-47D19FCB92AC}"
EndProject
Project("{FAE04EC0-301F-11D3-BF4B-00C04F79EFBC}") = "Facade.Tests", "tests\Structural\Facade.Tests\Facade.Tests.csproj", "{4878929B-E9A5-4078-BF89-B38891C211C1}"
EndProject
Project("{FAE04EC0-301F-11D3-BF4B-00C04F79EFBC}") = "Flyweight", "src\Structural\Flyweight\Flyweight.csproj", "{38B38AF4-00CB-4B78-B833-B841F9C96C15}"
EndProject
Project("{FAE04EC0-301F-11D3-BF4B-00C04F79EFBC}") = "Flyweight.Tests", "tests\Structural\Flyweight.Tests\Flyweight.Tests.csproj", "{8C45F1C6-72F9-464A-8A15-F4BD7C81F718}"
EndProject
Project("{FAE04EC0-301F-11D3-BF4B-00C04F79EFBC}") = "Proxy", "src\Structural\Proxy\Proxy.csproj", "{DD5B6733-74DA-43FA-A9BF-42D98EF7D4EE}"
EndProject
Project("{FAE04EC0-301F-11D3-BF4B-00C04F79EFBC}") = "Proxy.Tests", "tests\Structural\Proxy.Tests\Proxy.Tests.csproj", "{71D2DFB6-1496-4FE8-A96A-68BB3A2B5783}"
EndProject
Project("{2150E333-8FDC-42A3-9474-1A3956D46DE8}") = "Behavioral", "Behavioral", "{2ED378F0-13F0-49D6-AFD7-35A6709DC489}"
EndProject
Project("{FAE04EC0-301F-11D3-BF4B-00C04F79EFBC}") = "ChainOfResponsibility", "src\Behavioral\ChainOfResponsibility\ChainOfResponsibility.csproj", "{A9DAF649-4233-4BB1-968C-510ACC04EC34}"
EndProject
Project("{2150E333-8FDC-42A3-9474-1A3956D46DE8}") = "Behavioral", "Behavioral", "{28BF3F5A-6D1C-42E4-8C3F-D9DB13F5B29E}"
EndProject
Project("{FAE04EC0-301F-11D3-BF4B-00C04F79EFBC}") = "ChainOfResponsibility.Tests", "tests\Behavioral\ChainOfResponsibility.Tests\ChainOfResponsibility.Tests.csproj", "{57EF126F-AA96-4C1A-8DC7-9A4005C553B2}"
EndProject
Project("{FAE04EC0-301F-11D3-BF4B-00C04F79EFBC}") = "Command", "src\Behavioral\Command\Command.csproj", "{7875ED37-4E87-4A07-B37F-0AF3AF64EB6D}"
EndProject
Project("{FAE04EC0-301F-11D3-BF4B-00C04F79EFBC}") = "Command.Tests", "tests\Behavioral\Command.Tests\Command.Tests.csproj", "{6DEE2058-7620-4F9C-BF26-23094A916EAC}"
EndProject
Project("{FAE04EC0-301F-11D3-BF4B-00C04F79EFBC}") = "Iterator", "src\Behavioral\Iterator\Iterator.csproj", "{E480244B-ADDB-43AB-9FA6-C4C9B6F2A450}"
EndProject
Project("{FAE04EC0-301F-11D3-BF4B-00C04F79EFBC}") = "Iterator.Tests", "tests\Behavioral\Iterator.Tests\Iterator.Tests.csproj", "{7E9F24E3-875B-49DA-9074-02129D428FC1}"
EndProject
Project("{FAE04EC0-301F-11D3-BF4B-00C04F79EFBC}") = "Mediator", "src\Behavioral\Mediator\Mediator.csproj", "{B731115B-B66D-4F72-A8BB-2A6D6DEB57F9}"
EndProject
Project("{FAE04EC0-301F-11D3-BF4B-00C04F79EFBC}") = "Mediator.Tests", "tests\Behavioral\Mediator.Tests\Mediator.Tests.csproj", "{1A73B1EF-B434-46D8-8F7D-9D6A1DFA424E}"
EndProject
Project("{FAE04EC0-301F-11D3-BF4B-00C04F79EFBC}") = "Memento", "src\Behavioral\Memento\Memento.csproj", "{45654FCE-5CF3-43D2-A5CE-66155F7ABF43}"
EndProject
Project("{FAE04EC0-301F-11D3-BF4B-00C04F79EFBC}") = "Memento.Tests", "tests\Behavioral\Memento.Tests\Memento.Tests.csproj", "{B2C4ADE6-02A0-4522-AA29-F28AB2948563}"
EndProject
Project("{FAE04EC0-301F-11D3-BF4B-00C04F79EFBC}") = "Observer", "src\Behavioral\Observer\Observer.csproj", "{13817BB6-CB39-4364-8256-01D672781E1B}"
EndProject
Project("{FAE04EC0-301F-11D3-BF4B-00C04F79EFBC}") = "Observer.Tests", "tests\Behavioral\Observer.Tests\Observer.Tests.csproj", "{437E0698-8982-4033-815F-F1BAB6BC7354}"
EndProject
Project("{FAE04EC0-301F-11D3-BF4B-00C04F79EFBC}") = "State", "src\Behavioral\State\State.csproj", "{70BD390B-F817-49B0-B04A-F1831C080A32}"
EndProject
Project("{FAE04EC0-301F-11D3-BF4B-00C04F79EFBC}") = "State.Tests", "tests\Behavioral\State.Tests\State.Tests.csproj", "{32B48EC0-8EAF-401F-828A-0B1D2BDD012B}"
EndProject
Project("{FAE04EC0-301F-11D3-BF4B-00C04F79EFBC}") = "Strategy", "src\Behavioral\Strategy\Strategy.csproj", "{33180613-D233-4841-95BF-56ED12C12327}"
EndProject
Project("{FAE04EC0-301F-11D3-BF4B-00C04F79EFBC}") = "Strategy.Tests", "tests\Behavioral\Strategy.Tests\Strategy.Tests.csproj", "{A5F9E6F1-2CE2-4F3A-9E62-544B89F62FE1}"
EndProject
Project("{FAE04EC0-301F-11D3-BF4B-00C04F79EFBC}") = "TemplateMethod", "src\Behavioral\TemplateMethod\TemplateMethod.csproj", "{55181B81-B099-4F5E-9735-B3466C6CC9CA}"
EndProject
Project("{FAE04EC0-301F-11D3-BF4B-00C04F79EFBC}") = "TemplateMethod.Tests", "tests\Behavioral\TemplateMethod.Tests\TemplateMethod.Tests.csproj", "{F5486F62-851E-4BE2-8AD3-581FDDA98DC2}"
EndProject
Project("{FAE04EC0-301F-11D3-BF4B-00C04F79EFBC}") = "Visitor", "src\Behavioral\Visitor\Visitor.csproj", "{C8D7876F-FE48-40A8-BA44-A88A820B327D}"
EndProject
Project("{FAE04EC0-301F-11D3-BF4B-00C04F79EFBC}") = "Visitor.Tests", "tests\Behavioral\Visitor.Tests\Visitor.Tests.csproj", "{4AF96200-9D48-4AF2-AE19-4773F8FE9D32}"
EndProject
Global
	GlobalSection(SolutionConfigurationPlatforms) = preSolution
		Debug|Any CPU = Debug|Any CPU
		Release|Any CPU = Release|Any CPU
	EndGlobalSection
	GlobalSection(SolutionProperties) = preSolution
		HideSolutionNode = FALSE
	EndGlobalSection
	GlobalSection(ProjectConfigurationPlatforms) = postSolution
		{5BFDA687-86A4-4E48-9216-FEE20ABE551A}.Debug|Any CPU.ActiveCfg = Debug|Any CPU
		{5BFDA687-86A4-4E48-9216-FEE20ABE551A}.Debug|Any CPU.Build.0 = Debug|Any CPU
		{5BFDA687-86A4-4E48-9216-FEE20ABE551A}.Release|Any CPU.ActiveCfg = Release|Any CPU
		{5BFDA687-86A4-4E48-9216-FEE20ABE551A}.Release|Any CPU.Build.0 = Release|Any CPU
		{99F5D8EA-A23A-454E-99CD-BF5B28403BF3}.Debug|Any CPU.ActiveCfg = Debug|Any CPU
		{99F5D8EA-A23A-454E-99CD-BF5B28403BF3}.Debug|Any CPU.Build.0 = Debug|Any CPU
		{99F5D8EA-A23A-454E-99CD-BF5B28403BF3}.Release|Any CPU.ActiveCfg = Release|Any CPU
		{99F5D8EA-A23A-454E-99CD-BF5B28403BF3}.Release|Any CPU.Build.0 = Release|Any CPU
		{1C7E28B1-5F2D-45E8-A2C8-48803A5C8371}.Debug|Any CPU.ActiveCfg = Debug|Any CPU
		{1C7E28B1-5F2D-45E8-A2C8-48803A5C8371}.Debug|Any CPU.Build.0 = Debug|Any CPU
		{1C7E28B1-5F2D-45E8-A2C8-48803A5C8371}.Release|Any CPU.ActiveCfg = Release|Any CPU
		{1C7E28B1-5F2D-45E8-A2C8-48803A5C8371}.Release|Any CPU.Build.0 = Release|Any CPU
		{9C43108C-4B89-432E-890F-769BBA226A9A}.Debug|Any CPU.ActiveCfg = Debug|Any CPU
		{9C43108C-4B89-432E-890F-769BBA226A9A}.Debug|Any CPU.Build.0 = Debug|Any CPU
		{9C43108C-4B89-432E-890F-769BBA226A9A}.Release|Any CPU.ActiveCfg = Release|Any CPU
		{9C43108C-4B89-432E-890F-769BBA226A9A}.Release|Any CPU.Build.0 = Release|Any CPU
		{AEAF7C57-B359-483A-8D0B-6ADD557CD225}.Debug|Any CPU.ActiveCfg = Debug|Any CPU
		{AEAF7C57-B359-483A-8D0B-6ADD557CD225}.Debug|Any CPU.Build.0 = Debug|Any CPU
		{AEAF7C57-B359-483A-8D0B-6ADD557CD225}.Release|Any CPU.ActiveCfg = Release|Any CPU
		{AEAF7C57-B359-483A-8D0B-6ADD557CD225}.Release|Any CPU.Build.0 = Release|Any CPU
		{54B2032A-86EA-4CB3-A415-2722B95877D0}.Debug|Any CPU.ActiveCfg = Debug|Any CPU
		{54B2032A-86EA-4CB3-A415-2722B95877D0}.Debug|Any CPU.Build.0 = Debug|Any CPU
		{54B2032A-86EA-4CB3-A415-2722B95877D0}.Release|Any CPU.ActiveCfg = Release|Any CPU
		{54B2032A-86EA-4CB3-A415-2722B95877D0}.Release|Any CPU.Build.0 = Release|Any CPU
		{B500D706-45FD-4323-9699-DBBABDC11F6A}.Debug|Any CPU.ActiveCfg = Debug|Any CPU
		{B500D706-45FD-4323-9699-DBBABDC11F6A}.Debug|Any CPU.Build.0 = Debug|Any CPU
		{B500D706-45FD-4323-9699-DBBABDC11F6A}.Release|Any CPU.ActiveCfg = Release|Any CPU
		{B500D706-45FD-4323-9699-DBBABDC11F6A}.Release|Any CPU.Build.0 = Release|Any CPU
		{0310829C-99A5-436B-B514-AC7ADE2699BC}.Debug|Any CPU.ActiveCfg = Debug|Any CPU
		{0310829C-99A5-436B-B514-AC7ADE2699BC}.Debug|Any CPU.Build.0 = Debug|Any CPU
		{0310829C-99A5-436B-B514-AC7ADE2699BC}.Release|Any CPU.ActiveCfg = Release|Any CPU
		{0310829C-99A5-436B-B514-AC7ADE2699BC}.Release|Any CPU.Build.0 = Release|Any CPU
		{04D76B16-C742-4117-8CE3-08DA58C88F0C}.Debug|Any CPU.ActiveCfg = Debug|Any CPU
		{04D76B16-C742-4117-8CE3-08DA58C88F0C}.Debug|Any CPU.Build.0 = Debug|Any CPU
		{04D76B16-C742-4117-8CE3-08DA58C88F0C}.Release|Any CPU.ActiveCfg = Release|Any CPU
		{04D76B16-C742-4117-8CE3-08DA58C88F0C}.Release|Any CPU.Build.0 = Release|Any CPU
		{308CBD39-69C5-4148-964A-F1B9A96F9512}.Debug|Any CPU.ActiveCfg = Debug|Any CPU
		{308CBD39-69C5-4148-964A-F1B9A96F9512}.Debug|Any CPU.Build.0 = Debug|Any CPU
		{308CBD39-69C5-4148-964A-F1B9A96F9512}.Release|Any CPU.ActiveCfg = Release|Any CPU
		{308CBD39-69C5-4148-964A-F1B9A96F9512}.Release|Any CPU.Build.0 = Release|Any CPU
		{D7406A5A-927E-4EE9-A83D-1F486AA21B49}.Debug|Any CPU.ActiveCfg = Debug|Any CPU
		{D7406A5A-927E-4EE9-A83D-1F486AA21B49}.Debug|Any CPU.Build.0 = Debug|Any CPU
		{D7406A5A-927E-4EE9-A83D-1F486AA21B49}.Release|Any CPU.ActiveCfg = Release|Any CPU
		{D7406A5A-927E-4EE9-A83D-1F486AA21B49}.Release|Any CPU.Build.0 = Release|Any CPU
		{6028AC0E-81EF-4F88-A068-845E8986B12E}.Debug|Any CPU.ActiveCfg = Debug|Any CPU
		{6028AC0E-81EF-4F88-A068-845E8986B12E}.Debug|Any CPU.Build.0 = Debug|Any CPU
		{6028AC0E-81EF-4F88-A068-845E8986B12E}.Release|Any CPU.ActiveCfg = Release|Any CPU
		{6028AC0E-81EF-4F88-A068-845E8986B12E}.Release|Any CPU.Build.0 = Release|Any CPU
		{22574378-8406-4670-95B0-B9BA6C9E7376}.Debug|Any CPU.ActiveCfg = Debug|Any CPU
		{22574378-8406-4670-95B0-B9BA6C9E7376}.Debug|Any CPU.Build.0 = Debug|Any CPU
		{22574378-8406-4670-95B0-B9BA6C9E7376}.Release|Any CPU.ActiveCfg = Release|Any CPU
		{22574378-8406-4670-95B0-B9BA6C9E7376}.Release|Any CPU.Build.0 = Release|Any CPU
		{EFC244E6-4A27-4F63-8FA7-E91F338233EB}.Debug|Any CPU.ActiveCfg = Debug|Any CPU
		{EFC244E6-4A27-4F63-8FA7-E91F338233EB}.Debug|Any CPU.Build.0 = Debug|Any CPU
		{EFC244E6-4A27-4F63-8FA7-E91F338233EB}.Release|Any CPU.ActiveCfg = Release|Any CPU
		{EFC244E6-4A27-4F63-8FA7-E91F338233EB}.Release|Any CPU.Build.0 = Release|Any CPU
		{EE440389-F93B-49E5-BABC-891645F81D17}.Debug|Any CPU.ActiveCfg = Debug|Any CPU
		{EE440389-F93B-49E5-BABC-891645F81D17}.Debug|Any CPU.Build.0 = Debug|Any CPU
		{EE440389-F93B-49E5-BABC-891645F81D17}.Release|Any CPU.ActiveCfg = Release|Any CPU
		{EE440389-F93B-49E5-BABC-891645F81D17}.Release|Any CPU.Build.0 = Release|Any CPU
		{4D7715AA-3416-48D4-8830-198BD01E4FBE}.Debug|Any CPU.ActiveCfg = Debug|Any CPU
		{4D7715AA-3416-48D4-8830-198BD01E4FBE}.Debug|Any CPU.Build.0 = Debug|Any CPU
		{4D7715AA-3416-48D4-8830-198BD01E4FBE}.Release|Any CPU.ActiveCfg = Release|Any CPU
		{4D7715AA-3416-48D4-8830-198BD01E4FBE}.Release|Any CPU.Build.0 = Release|Any CPU
		{3981F8CD-B588-4B7E-A457-737779420622}.Debug|Any CPU.ActiveCfg = Debug|Any CPU
		{3981F8CD-B588-4B7E-A457-737779420622}.Debug|Any CPU.Build.0 = Debug|Any CPU
		{3981F8CD-B588-4B7E-A457-737779420622}.Release|Any CPU.ActiveCfg = Release|Any CPU
		{3981F8CD-B588-4B7E-A457-737779420622}.Release|Any CPU.Build.0 = Release|Any CPU
		{23D3B322-E1ED-4567-9F63-3806CD4691FF}.Debug|Any CPU.ActiveCfg = Debug|Any CPU
		{23D3B322-E1ED-4567-9F63-3806CD4691FF}.Debug|Any CPU.Build.0 = Debug|Any CPU
		{23D3B322-E1ED-4567-9F63-3806CD4691FF}.Release|Any CPU.ActiveCfg = Release|Any CPU
		{23D3B322-E1ED-4567-9F63-3806CD4691FF}.Release|Any CPU.Build.0 = Release|Any CPU
		{F2D6C89E-FA4A-45CA-894C-47D19FCB92AC}.Debug|Any CPU.ActiveCfg = Debug|Any CPU
		{F2D6C89E-FA4A-45CA-894C-47D19FCB92AC}.Debug|Any CPU.Build.0 = Debug|Any CPU
		{F2D6C89E-FA4A-45CA-894C-47D19FCB92AC}.Release|Any CPU.ActiveCfg = Release|Any CPU
		{F2D6C89E-FA4A-45CA-894C-47D19FCB92AC}.Release|Any CPU.Build.0 = Release|Any CPU
		{4878929B-E9A5-4078-BF89-B38891C211C1}.Debug|Any CPU.ActiveCfg = Debug|Any CPU
		{4878929B-E9A5-4078-BF89-B38891C211C1}.Debug|Any CPU.Build.0 = Debug|Any CPU
		{4878929B-E9A5-4078-BF89-B38891C211C1}.Release|Any CPU.ActiveCfg = Release|Any CPU
		{4878929B-E9A5-4078-BF89-B38891C211C1}.Release|Any CPU.Build.0 = Release|Any CPU
		{38B38AF4-00CB-4B78-B833-B841F9C96C15}.Debug|Any CPU.ActiveCfg = Debug|Any CPU
		{38B38AF4-00CB-4B78-B833-B841F9C96C15}.Debug|Any CPU.Build.0 = Debug|Any CPU
		{38B38AF4-00CB-4B78-B833-B841F9C96C15}.Release|Any CPU.ActiveCfg = Release|Any CPU
		{38B38AF4-00CB-4B78-B833-B841F9C96C15}.Release|Any CPU.Build.0 = Release|Any CPU
		{8C45F1C6-72F9-464A-8A15-F4BD7C81F718}.Debug|Any CPU.ActiveCfg = Debug|Any CPU
		{8C45F1C6-72F9-464A-8A15-F4BD7C81F718}.Debug|Any CPU.Build.0 = Debug|Any CPU
		{8C45F1C6-72F9-464A-8A15-F4BD7C81F718}.Release|Any CPU.ActiveCfg = Release|Any CPU
		{8C45F1C6-72F9-464A-8A15-F4BD7C81F718}.Release|Any CPU.Build.0 = Release|Any CPU
		{DD5B6733-74DA-43FA-A9BF-42D98EF7D4EE}.Debug|Any CPU.ActiveCfg = Debug|Any CPU
		{DD5B6733-74DA-43FA-A9BF-42D98EF7D4EE}.Debug|Any CPU.Build.0 = Debug|Any CPU
		{DD5B6733-74DA-43FA-A9BF-42D98EF7D4EE}.Release|Any CPU.ActiveCfg = Release|Any CPU
		{DD5B6733-74DA-43FA-A9BF-42D98EF7D4EE}.Release|Any CPU.Build.0 = Release|Any CPU
		{71D2DFB6-1496-4FE8-A96A-68BB3A2B5783}.Debug|Any CPU.ActiveCfg = Debug|Any CPU
		{71D2DFB6-1496-4FE8-A96A-68BB3A2B5783}.Debug|Any CPU.Build.0 = Debug|Any CPU
		{71D2DFB6-1496-4FE8-A96A-68BB3A2B5783}.Release|Any CPU.ActiveCfg = Release|Any CPU
		{71D2DFB6-1496-4FE8-A96A-68BB3A2B5783}.Release|Any CPU.Build.0 = Release|Any CPU
		{A9DAF649-4233-4BB1-968C-510ACC04EC34}.Debug|Any CPU.ActiveCfg = Debug|Any CPU
		{A9DAF649-4233-4BB1-968C-510ACC04EC34}.Debug|Any CPU.Build.0 = Debug|Any CPU
		{A9DAF649-4233-4BB1-968C-510ACC04EC34}.Release|Any CPU.ActiveCfg = Release|Any CPU
		{A9DAF649-4233-4BB1-968C-510ACC04EC34}.Release|Any CPU.Build.0 = Release|Any CPU
		{57EF126F-AA96-4C1A-8DC7-9A4005C553B2}.Debug|Any CPU.ActiveCfg = Debug|Any CPU
		{57EF126F-AA96-4C1A-8DC7-9A4005C553B2}.Debug|Any CPU.Build.0 = Debug|Any CPU
		{57EF126F-AA96-4C1A-8DC7-9A4005C553B2}.Release|Any CPU.ActiveCfg = Release|Any CPU
		{57EF126F-AA96-4C1A-8DC7-9A4005C553B2}.Release|Any CPU.Build.0 = Release|Any CPU
		{7875ED37-4E87-4A07-B37F-0AF3AF64EB6D}.Debug|Any CPU.ActiveCfg = Debug|Any CPU
		{7875ED37-4E87-4A07-B37F-0AF3AF64EB6D}.Debug|Any CPU.Build.0 = Debug|Any CPU
		{7875ED37-4E87-4A07-B37F-0AF3AF64EB6D}.Release|Any CPU.ActiveCfg = Release|Any CPU
		{7875ED37-4E87-4A07-B37F-0AF3AF64EB6D}.Release|Any CPU.Build.0 = Release|Any CPU
		{6DEE2058-7620-4F9C-BF26-23094A916EAC}.Debug|Any CPU.ActiveCfg = Debug|Any CPU
		{6DEE2058-7620-4F9C-BF26-23094A916EAC}.Debug|Any CPU.Build.0 = Debug|Any CPU
		{6DEE2058-7620-4F9C-BF26-23094A916EAC}.Release|Any CPU.ActiveCfg = Release|Any CPU
		{6DEE2058-7620-4F9C-BF26-23094A916EAC}.Release|Any CPU.Build.0 = Release|Any CPU
		{E480244B-ADDB-43AB-9FA6-C4C9B6F2A450}.Debug|Any CPU.ActiveCfg = Debug|Any CPU
		{E480244B-ADDB-43AB-9FA6-C4C9B6F2A450}.Debug|Any CPU.Build.0 = Debug|Any CPU
		{E480244B-ADDB-43AB-9FA6-C4C9B6F2A450}.Release|Any CPU.ActiveCfg = Release|Any CPU
		{E480244B-ADDB-43AB-9FA6-C4C9B6F2A450}.Release|Any CPU.Build.0 = Release|Any CPU
		{7E9F24E3-875B-49DA-9074-02129D428FC1}.Debug|Any CPU.ActiveCfg = Debug|Any CPU
		{7E9F24E3-875B-49DA-9074-02129D428FC1}.Debug|Any CPU.Build.0 = Debug|Any CPU
		{7E9F24E3-875B-49DA-9074-02129D428FC1}.Release|Any CPU.ActiveCfg = Release|Any CPU
		{7E9F24E3-875B-49DA-9074-02129D428FC1}.Release|Any CPU.Build.0 = Release|Any CPU
		{B731115B-B66D-4F72-A8BB-2A6D6DEB57F9}.Debug|Any CPU.ActiveCfg = Debug|Any CPU
		{B731115B-B66D-4F72-A8BB-2A6D6DEB57F9}.Debug|Any CPU.Build.0 = Debug|Any CPU
		{B731115B-B66D-4F72-A8BB-2A6D6DEB57F9}.Release|Any CPU.ActiveCfg = Release|Any CPU
		{B731115B-B66D-4F72-A8BB-2A6D6DEB57F9}.Release|Any CPU.Build.0 = Release|Any CPU
		{1A73B1EF-B434-46D8-8F7D-9D6A1DFA424E}.Debug|Any CPU.ActiveCfg = Debug|Any CPU
		{1A73B1EF-B434-46D8-8F7D-9D6A1DFA424E}.Debug|Any CPU.Build.0 = Debug|Any CPU
		{1A73B1EF-B434-46D8-8F7D-9D6A1DFA424E}.Release|Any CPU.ActiveCfg = Release|Any CPU
		{1A73B1EF-B434-46D8-8F7D-9D6A1DFA424E}.Release|Any CPU.Build.0 = Release|Any CPU
		{45654FCE-5CF3-43D2-A5CE-66155F7ABF43}.Debug|Any CPU.ActiveCfg = Debug|Any CPU
		{45654FCE-5CF3-43D2-A5CE-66155F7ABF43}.Debug|Any CPU.Build.0 = Debug|Any CPU
		{45654FCE-5CF3-43D2-A5CE-66155F7ABF43}.Release|Any CPU.ActiveCfg = Release|Any CPU
		{45654FCE-5CF3-43D2-A5CE-66155F7ABF43}.Release|Any CPU.Build.0 = Release|Any CPU
		{B2C4ADE6-02A0-4522-AA29-F28AB2948563}.Debug|Any CPU.ActiveCfg = Debug|Any CPU
		{B2C4ADE6-02A0-4522-AA29-F28AB2948563}.Debug|Any CPU.Build.0 = Debug|Any CPU
		{B2C4ADE6-02A0-4522-AA29-F28AB2948563}.Release|Any CPU.ActiveCfg = Release|Any CPU
		{B2C4ADE6-02A0-4522-AA29-F28AB2948563}.Release|Any CPU.Build.0 = Release|Any CPU
		{13817BB6-CB39-4364-8256-01D672781E1B}.Debug|Any CPU.ActiveCfg = Debug|Any CPU
		{13817BB6-CB39-4364-8256-01D672781E1B}.Debug|Any CPU.Build.0 = Debug|Any CPU
		{13817BB6-CB39-4364-8256-01D672781E1B}.Release|Any CPU.ActiveCfg = Release|Any CPU
		{13817BB6-CB39-4364-8256-01D672781E1B}.Release|Any CPU.Build.0 = Release|Any CPU
		{437E0698-8982-4033-815F-F1BAB6BC7354}.Debug|Any CPU.ActiveCfg = Debug|Any CPU
		{437E0698-8982-4033-815F-F1BAB6BC7354}.Debug|Any CPU.Build.0 = Debug|Any CPU
		{437E0698-8982-4033-815F-F1BAB6BC7354}.Release|Any CPU.ActiveCfg = Release|Any CPU
		{437E0698-8982-4033-815F-F1BAB6BC7354}.Release|Any CPU.Build.0 = Release|Any CPU
		{70BD390B-F817-49B0-B04A-F1831C080A32}.Debug|Any CPU.ActiveCfg = Debug|Any CPU
		{70BD390B-F817-49B0-B04A-F1831C080A32}.Debug|Any CPU.Build.0 = Debug|Any CPU
		{70BD390B-F817-49B0-B04A-F1831C080A32}.Release|Any CPU.ActiveCfg = Release|Any CPU
		{70BD390B-F817-49B0-B04A-F1831C080A32}.Release|Any CPU.Build.0 = Release|Any CPU
		{32B48EC0-8EAF-401F-828A-0B1D2BDD012B}.Debug|Any CPU.ActiveCfg = Debug|Any CPU
		{32B48EC0-8EAF-401F-828A-0B1D2BDD012B}.Debug|Any CPU.Build.0 = Debug|Any CPU
		{32B48EC0-8EAF-401F-828A-0B1D2BDD012B}.Release|Any CPU.ActiveCfg = Release|Any CPU
		{32B48EC0-8EAF-401F-828A-0B1D2BDD012B}.Release|Any CPU.Build.0 = Release|Any CPU
		{33180613-D233-4841-95BF-56ED12C12327}.Debug|Any CPU.ActiveCfg = Debug|Any CPU
		{33180613-D233-4841-95BF-56ED12C12327}.Debug|Any CPU.Build.0 = Debug|Any CPU
		{33180613-D233-4841-95BF-56ED12C12327}.Release|Any CPU.ActiveCfg = Release|Any CPU
		{33180613-D233-4841-95BF-56ED12C12327}.Release|Any CPU.Build.0 = Release|Any CPU
		{A5F9E6F1-2CE2-4F3A-9E62-544B89F62FE1}.Debug|Any CPU.ActiveCfg = Debug|Any CPU
		{A5F9E6F1-2CE2-4F3A-9E62-544B89F62FE1}.Debug|Any CPU.Build.0 = Debug|Any CPU
		{A5F9E6F1-2CE2-4F3A-9E62-544B89F62FE1}.Release|Any CPU.ActiveCfg = Release|Any CPU
		{A5F9E6F1-2CE2-4F3A-9E62-544B89F62FE1}.Release|Any CPU.Build.0 = Release|Any CPU
		{55181B81-B099-4F5E-9735-B3466C6CC9CA}.Debug|Any CPU.ActiveCfg = Debug|Any CPU
		{55181B81-B099-4F5E-9735-B3466C6CC9CA}.Debug|Any CPU.Build.0 = Debug|Any CPU
		{55181B81-B099-4F5E-9735-B3466C6CC9CA}.Release|Any CPU.ActiveCfg = Release|Any CPU
		{55181B81-B099-4F5E-9735-B3466C6CC9CA}.Release|Any CPU.Build.0 = Release|Any CPU
		{F5486F62-851E-4BE2-8AD3-581FDDA98DC2}.Debug|Any CPU.ActiveCfg = Debug|Any CPU
		{F5486F62-851E-4BE2-8AD3-581FDDA98DC2}.Debug|Any CPU.Build.0 = Debug|Any CPU
		{F5486F62-851E-4BE2-8AD3-581FDDA98DC2}.Release|Any CPU.ActiveCfg = Release|Any CPU
		{F5486F62-851E-4BE2-8AD3-581FDDA98DC2}.Release|Any CPU.Build.0 = Release|Any CPU
		{C8D7876F-FE48-40A8-BA44-A88A820B327D}.Debug|Any CPU.ActiveCfg = Debug|Any CPU
		{C8D7876F-FE48-40A8-BA44-A88A820B327D}.Debug|Any CPU.Build.0 = Debug|Any CPU
		{C8D7876F-FE48-40A8-BA44-A88A820B327D}.Release|Any CPU.ActiveCfg = Release|Any CPU
		{C8D7876F-FE48-40A8-BA44-A88A820B327D}.Release|Any CPU.Build.0 = Release|Any CPU
		{4AF96200-9D48-4AF2-AE19-4773F8FE9D32}.Debug|Any CPU.ActiveCfg = Debug|Any CPU
		{4AF96200-9D48-4AF2-AE19-4773F8FE9D32}.Debug|Any CPU.Build.0 = Debug|Any CPU
		{4AF96200-9D48-4AF2-AE19-4773F8FE9D32}.Release|Any CPU.ActiveCfg = Release|Any CPU
		{4AF96200-9D48-4AF2-AE19-4773F8FE9D32}.Release|Any CPU.Build.0 = Release|Any CPU
	EndGlobalSection
	GlobalSection(NestedProjects) = preSolution
		{BD57A556-32A6-4C95-ACA9-235352738200} = {6C663618-9F2E-48D7-9FD7-BFC8E508A6A1}
		{5BFDA687-86A4-4E48-9216-FEE20ABE551A} = {BD57A556-32A6-4C95-ACA9-235352738200}
		{06736F67-ACE3-411D-82EF-2DF7CC0FDF79} = {847F2CB8-6D18-48E9-90BC-DB4991387903}
		{99F5D8EA-A23A-454E-99CD-BF5B28403BF3} = {06736F67-ACE3-411D-82EF-2DF7CC0FDF79}
		{1C7E28B1-5F2D-45E8-A2C8-48803A5C8371} = {BD57A556-32A6-4C95-ACA9-235352738200}
		{9C43108C-4B89-432E-890F-769BBA226A9A} = {06736F67-ACE3-411D-82EF-2DF7CC0FDF79}
		{AEAF7C57-B359-483A-8D0B-6ADD557CD225} = {BD57A556-32A6-4C95-ACA9-235352738200}
		{54B2032A-86EA-4CB3-A415-2722B95877D0} = {06736F67-ACE3-411D-82EF-2DF7CC0FDF79}
		{B500D706-45FD-4323-9699-DBBABDC11F6A} = {BD57A556-32A6-4C95-ACA9-235352738200}
		{0310829C-99A5-436B-B514-AC7ADE2699BC} = {06736F67-ACE3-411D-82EF-2DF7CC0FDF79}
		{04D76B16-C742-4117-8CE3-08DA58C88F0C} = {BD57A556-32A6-4C95-ACA9-235352738200}
		{308CBD39-69C5-4148-964A-F1B9A96F9512} = {06736F67-ACE3-411D-82EF-2DF7CC0FDF79}
		{F7239658-B6EE-4A7F-A2CA-3C3392C348B9} = {6C663618-9F2E-48D7-9FD7-BFC8E508A6A1}
		{D7406A5A-927E-4EE9-A83D-1F486AA21B49} = {F7239658-B6EE-4A7F-A2CA-3C3392C348B9}
		{8251548C-ABFE-4F5A-B457-6D76A8FA6E76} = {847F2CB8-6D18-48E9-90BC-DB4991387903}
		{6028AC0E-81EF-4F88-A068-845E8986B12E} = {8251548C-ABFE-4F5A-B457-6D76A8FA6E76}
		{22574378-8406-4670-95B0-B9BA6C9E7376} = {F7239658-B6EE-4A7F-A2CA-3C3392C348B9}
		{EFC244E6-4A27-4F63-8FA7-E91F338233EB} = {8251548C-ABFE-4F5A-B457-6D76A8FA6E76}
		{EE440389-F93B-49E5-BABC-891645F81D17} = {F7239658-B6EE-4A7F-A2CA-3C3392C348B9}
		{4D7715AA-3416-48D4-8830-198BD01E4FBE} = {8251548C-ABFE-4F5A-B457-6D76A8FA6E76}
		{3981F8CD-B588-4B7E-A457-737779420622} = {F7239658-B6EE-4A7F-A2CA-3C3392C348B9}
		{23D3B322-E1ED-4567-9F63-3806CD4691FF} = {8251548C-ABFE-4F5A-B457-6D76A8FA6E76}
		{F2D6C89E-FA4A-45CA-894C-47D19FCB92AC} = {F7239658-B6EE-4A7F-A2CA-3C3392C348B9}
		{4878929B-E9A5-4078-BF89-B38891C211C1} = {8251548C-ABFE-4F5A-B457-6D76A8FA6E76}
		{38B38AF4-00CB-4B78-B833-B841F9C96C15} = {F7239658-B6EE-4A7F-A2CA-3C3392C348B9}
		{8C45F1C6-72F9-464A-8A15-F4BD7C81F718} = {8251548C-ABFE-4F5A-B457-6D76A8FA6E76}
		{DD5B6733-74DA-43FA-A9BF-42D98EF7D4EE} = {F7239658-B6EE-4A7F-A2CA-3C3392C348B9}
		{71D2DFB6-1496-4FE8-A96A-68BB3A2B5783} = {8251548C-ABFE-4F5A-B457-6D76A8FA6E76}
		{2ED378F0-13F0-49D6-AFD7-35A6709DC489} = {6C663618-9F2E-48D7-9FD7-BFC8E508A6A1}
		{A9DAF649-4233-4BB1-968C-510ACC04EC34} = {2ED378F0-13F0-49D6-AFD7-35A6709DC489}
		{28BF3F5A-6D1C-42E4-8C3F-D9DB13F5B29E} = {847F2CB8-6D18-48E9-90BC-DB4991387903}
		{57EF126F-AA96-4C1A-8DC7-9A4005C553B2} = {28BF3F5A-6D1C-42E4-8C3F-D9DB13F5B29E}
		{7875ED37-4E87-4A07-B37F-0AF3AF64EB6D} = {2ED378F0-13F0-49D6-AFD7-35A6709DC489}
		{6DEE2058-7620-4F9C-BF26-23094A916EAC} = {28BF3F5A-6D1C-42E4-8C3F-D9DB13F5B29E}
		{E480244B-ADDB-43AB-9FA6-C4C9B6F2A450} = {2ED378F0-13F0-49D6-AFD7-35A6709DC489}
		{7E9F24E3-875B-49DA-9074-02129D428FC1} = {28BF3F5A-6D1C-42E4-8C3F-D9DB13F5B29E}
		{B731115B-B66D-4F72-A8BB-2A6D6DEB57F9} = {2ED378F0-13F0-49D6-AFD7-35A6709DC489}
		{1A73B1EF-B434-46D8-8F7D-9D6A1DFA424E} = {28BF3F5A-6D1C-42E4-8C3F-D9DB13F5B29E}
		{45654FCE-5CF3-43D2-A5CE-66155F7ABF43} = {2ED378F0-13F0-49D6-AFD7-35A6709DC489}
		{B2C4ADE6-02A0-4522-AA29-F28AB2948563} = {28BF3F5A-6D1C-42E4-8C3F-D9DB13F5B29E}
		{13817BB6-CB39-4364-8256-01D672781E1B} = {2ED378F0-13F0-49D6-AFD7-35A6709DC489}
		{437E0698-8982-4033-815F-F1BAB6BC7354} = {28BF3F5A-6D1C-42E4-8C3F-D9DB13F5B29E}
		{70BD390B-F817-49B0-B04A-F1831C080A32} = {2ED378F0-13F0-49D6-AFD7-35A6709DC489}
		{32B48EC0-8EAF-401F-828A-0B1D2BDD012B} = {28BF3F5A-6D1C-42E4-8C3F-D9DB13F5B29E}
		{33180613-D233-4841-95BF-56ED12C12327} = {2ED378F0-13F0-49D6-AFD7-35A6709DC489}
		{A5F9E6F1-2CE2-4F3A-9E62-544B89F62FE1} = {28BF3F5A-6D1C-42E4-8C3F-D9DB13F5B29E}
		{55181B81-B099-4F5E-9735-B3466C6CC9CA} = {2ED378F0-13F0-49D6-AFD7-35A6709DC489}
		{F5486F62-851E-4BE2-8AD3-581FDDA98DC2} = {28BF3F5A-6D1C-42E4-8C3F-D9DB13F5B29E}
		{C8D7876F-FE48-40A8-BA44-A88A820B327D} = {2ED378F0-13F0-49D6-AFD7-35A6709DC489}
		{4AF96200-9D48-4AF2-AE19-4773F8FE9D32} = {28BF3F5A-6D1C-42E4-8C3F-D9DB13F5B29E}
	EndGlobalSection
EndGlobal
